{
  "name": "tests",
  "version": "1.0.0",
  "lockfileVersion": 1,
  "requires": true,
  "dependencies": {
    "@rbxts/compiler-types": {
      "version": "1.0.0-beta.3.1",
      "resolved": "https://registry.npmjs.org/@rbxts/compiler-types/-/compiler-types-1.0.0-beta.3.1.tgz",
      "integrity": "sha512-qHFb0i/ADmI2eOYNPsro73jKF8LOX+HwL4xGAHo0UW/9FC2vJyVpb3n8RsdFlKLxVYtzaz8ZAnmm/gNu8xu3AQ=="
    },
    "@rbxts/roact": {
      "version": "1.3.0-ts.2",
      "resolved": "https://registry.npmjs.org/@rbxts/roact/-/roact-1.3.0-ts.2.tgz",
      "integrity": "sha512-cjEYwvZP4SJRpvc2Gg/iDZZ9W7jCR2tkIW1VfiUXuALMRiCg7dtcx+OVlVTbsN8dcCDAxxxfBpO4ks0y9nxgOg=="
    },
    "@rbxts/services": {
      "version": "1.1.1",
      "resolved": "https://registry.npmjs.org/@rbxts/services/-/services-1.1.1.tgz",
      "integrity": "sha512-81isCMtHKuNKzCcDx4+6bW8xQqAESpFicC4plATOzhn4x68XOjoeEZsVkmka1l3Tvwjs6QLQuvP28ZuKROLPzA=="
    },
    "@rbxts/testez": {
      "version": "0.3.1-ts.6",
      "resolved": "https://registry.npmjs.org/@rbxts/testez/-/testez-0.3.1-ts.6.tgz",
      "integrity": "sha512-WiiRmYF1bvq4rgiXpzAgvgajZ+Iq49b+d0ki+WrqflUMuDTpUfBduqEWg1bS5t1KAZ22OHfH2pjeqwXwlaif8w=="
    },
    "@rbxts/types": {
      "version": "1.0.419",
      "resolved": "https://registry.npmjs.org/@rbxts/types/-/types-1.0.419.tgz",
      "integrity": "sha512-lNsT0QSdYKLCXtOMwE0SHdTaeFjAUYsRtHwwBL+DKcSENZdpXv7KLz/im//6UdkLKXUHNo5rM0+VikhNcXZvBw==",
      "requires": {
        "@rbxts/compiler-types": "*"
      }
    }
  }
}
