{
	"name": "tests",
	"version": "1.0.0",
	"lockfileVersion": 3,
	"requires": true,
	"packages": {
		"": {
			"name": "tests",
			"version": "1.0.0",
			"license": "ISC",
			"dependencies": {
				"@flamework/core": "1.2.1",
				"@rbxts/compiler-types": "github:roblox-ts/compiler-types",
				"@rbxts/roact": "github:roblox-ts/roact",
				"@rbxts/services": "^1.5.3",
				"@rbxts/testez": "^0.4.2-ts.0",
				"@rbxts/types": "^1.0.751"
			}
		},
		"node_modules/@flamework/core": {
			"version": "1.2.1",
			"resolved": "https://registry.npmjs.org/@flamework/core/-/core-1.2.1.tgz",
			"integrity": "sha512-zrXi0bPepZHGOKcENDXo/bfGuWcZvfpPSZ0VndKkmNdu38djNmQ8Mo3lQIkcNgi/8O8dWzTfL0H6zvvNGhbnQw==",
			"dependencies": {
				"@rbxts/maid": "^1.0.0-ts.1",
				"@rbxts/object-utils": "^1.0.4",
				"@rbxts/services": "^1.1.4",
				"@rbxts/signal": "^1.0.3",
				"@rbxts/t": "^3.1.0"
			}
		},
		"node_modules/@rbxts/compiler-types": {
			"version": "2.2.0-types.0",
			"resolved": "git+ssh://git@github.com/roblox-ts/compiler-types.git#9fc6549e778cf7ce0db15fef920f6a6ae2dda288",
			"license": "MIT"
		},
		"node_modules/@rbxts/maid": {
			"version": "1.1.0",
			"resolved": "https://registry.npmjs.org/@rbxts/maid/-/maid-1.1.0.tgz",
			"integrity": "sha512-bVWXZ0p2M3OJzPzvN5fY0T4s37ezUMY7EX31Xspp7Ds4C/K9yE4MHMRXjtlNvsYVPmoc5tdhAbpZY02Veix5lg=="
		},
		"node_modules/@rbxts/object-utils": {
			"version": "1.0.4",
			"resolved": "https://registry.npmjs.org/@rbxts/object-utils/-/object-utils-1.0.4.tgz",
			"integrity": "sha512-dLLhf022ipV+9i910sOE7kl9losKHoon0WgeerHqVMQA5EYsLUsVT2AxhJuhk8MiDn5oJ2GiFofE/LadY9TpJQ=="
		},
		"node_modules/@rbxts/roact": {
			"version": "1.4.4-ts.0",
			"resolved": "git+ssh://git@github.com/roblox-ts/roact.git#f4ee27bc0bab6eb616b4c99aebd0d8a419dee8c4"
		},
		"node_modules/@rbxts/services": {
			"version": "1.5.3",
			"resolved": "https://registry.npmjs.org/@rbxts/services/-/services-1.5.3.tgz",
			"integrity": "sha512-0Lr1OJCfhCILu0Z2+W2Hhx4nIRWLW3llSvzPskozv9AlBR99qTWrhJlh/4dux1RciKPFbZiTYi1CP+/kCloIQw=="
		},
		"node_modules/@rbxts/signal": {
			"version": "1.1.1",
			"resolved": "https://registry.npmjs.org/@rbxts/signal/-/signal-1.1.1.tgz",
			"integrity": "sha512-WX+ONE+ld4pG9PvRkR8OgDld9NpaV1RfXyUIw+Q2oXP/5rehkYzvt20NWtrLAP3NhMc5inYInLd+hnufey6nFw=="
		},
		"node_modules/@rbxts/t": {
			"version": "3.1.1",
			"resolved": "https://registry.npmjs.org/@rbxts/t/-/t-3.1.1.tgz",
			"integrity": "sha512-r+IvHHGLt9ZM8+cJAs5Q7ZyGaSlsbkXTaeat85FxRmjjozykHLbQ24rY/5utJbp63a5uCy3Wyl1fGv/Gk/GnIw=="
		},
		"node_modules/@rbxts/testez": {
			"version": "0.4.2-ts.0",
			"resolved": "https://registry.npmjs.org/@rbxts/testez/-/testez-0.4.2-ts.0.tgz",
			"integrity": "sha512-8Q+OG9ddTD2P3aARCuRKpPqUBvuifgSnHvQMZ6jBMqUzxhIysnb0l4c3vnnaQnvdyZ1OW9tKxcdEHMGTb67uOw=="
		},
		"node_modules/@rbxts/types": {
			"version": "1.0.751",
			"resolved": "https://registry.npmjs.org/@rbxts/types/-/types-1.0.751.tgz",
			"integrity": "sha512-+Hwyjc7if15MOee9qKgzuUlABG9h3DhOrurxxezYQ/UOeehOK0veidks8cyOPLXdwSmhV2LNWTWDfGKZcmPWWw=="
		}
	}
}
