{
	"name": "tests",
	"version": "1.0.0",
	"lockfileVersion": 2,
	"requires": true,
	"packages": {
		"": {
			"version": "1.0.0",
			"license": "ISC",
			"dependencies": {
				"@rbxts/compiler-types": "^1.2.8-types.1",
				"@rbxts/roact": "^1.3.0-ts.7",
				"@rbxts/services": "^1.1.2",
				"@rbxts/testez": "^0.3.1-ts.6",
				"@rbxts/types": "^1.0.566"
			}
		},
		"node_modules/@rbxts/compiler-types": {
			"version": "1.2.8-types.1",
			"resolved": "https://registry.npmjs.org/@rbxts/compiler-types/-/compiler-types-1.2.8-types.1.tgz",
			"integrity": "sha512-lLcOa8OYJWtVnsYRrX6vc++B1fSVff979+sZ83Wo+Foa9YMf4kqcen/ydhUnu35qinggOYzyB8IUZ3qi7n5eBA=="
		},
		"node_modules/@rbxts/roact": {
			"version": "1.3.0-ts.7",
			"resolved": "https://registry.npmjs.org/@rbxts/roact/-/roact-1.3.0-ts.7.tgz",
			"integrity": "sha512-lnN/6DFGfw0hMM3jttTEM1gWM9EGKYEX2pdJkV1lyHoC4jmBlRaREOKEQSp63rmCIk7zemzc7bf9D76blJKNyA=="
		},
		"node_modules/@rbxts/services": {
			"version": "1.1.2",
			"resolved": "https://registry.npmjs.org/@rbxts/services/-/services-1.1.2.tgz",
			"integrity": "sha512-vxlo00Q/F1Yq3yGa5jisI1lkWuByJzLs2rfidA4e0wkLCBR0Od+BG55TBMzptCVUZjHUSefif4Mtl3d3a6IxyA=="
		},
		"node_modules/@rbxts/testez": {
			"version": "0.3.1-ts.6",
			"resolved": "https://registry.npmjs.org/@rbxts/testez/-/testez-0.3.1-ts.6.tgz",
			"integrity": "sha512-WiiRmYF1bvq4rgiXpzAgvgajZ+Iq49b+d0ki+WrqflUMuDTpUfBduqEWg1bS5t1KAZ22OHfH2pjeqwXwlaif8w=="
		},
		"node_modules/@rbxts/types": {
			"version": "1.0.566",
			"resolved": "https://registry.npmjs.org/@rbxts/types/-/types-1.0.566.tgz",
			"integrity": "sha512-6qshBrFeetKxgVoxL2kW4mVIadF5ACa+LzrGKUkyuSvbPszugFUpxVrCfstKuimKNHLkggTgKkoZAnEY6iv/fQ=="
		}
	},
	"dependencies": {
		"@rbxts/compiler-types": {
			"version": "1.2.8-types.1",
			"resolved": "https://registry.npmjs.org/@rbxts/compiler-types/-/compiler-types-1.2.8-types.1.tgz",
			"integrity": "sha512-lLcOa8OYJWtVnsYRrX6vc++B1fSVff979+sZ83Wo+Foa9YMf4kqcen/ydhUnu35qinggOYzyB8IUZ3qi7n5eBA=="
		},
		"@rbxts/roact": {
			"version": "1.3.0-ts.7",
			"resolved": "https://registry.npmjs.org/@rbxts/roact/-/roact-1.3.0-ts.7.tgz",
			"integrity": "sha512-lnN/6DFGfw0hMM3jttTEM1gWM9EGKYEX2pdJkV1lyHoC4jmBlRaREOKEQSp63rmCIk7zemzc7bf9D76blJKNyA=="
		},
		"@rbxts/services": {
			"version": "1.1.2",
			"resolved": "https://registry.npmjs.org/@rbxts/services/-/services-1.1.2.tgz",
			"integrity": "sha512-vxlo00Q/F1Yq3yGa5jisI1lkWuByJzLs2rfidA4e0wkLCBR0Od+BG55TBMzptCVUZjHUSefif4Mtl3d3a6IxyA=="
		},
		"@rbxts/testez": {
			"version": "0.3.1-ts.6",
			"resolved": "https://registry.npmjs.org/@rbxts/testez/-/testez-0.3.1-ts.6.tgz",
			"integrity": "sha512-WiiRmYF1bvq4rgiXpzAgvgajZ+Iq49b+d0ki+WrqflUMuDTpUfBduqEWg1bS5t1KAZ22OHfH2pjeqwXwlaif8w=="
		},
		"@rbxts/types": {
			"version": "1.0.566",
			"resolved": "https://registry.npmjs.org/@rbxts/types/-/types-1.0.566.tgz",
			"integrity": "sha512-6qshBrFeetKxgVoxL2kW4mVIadF5ACa+LzrGKUkyuSvbPszugFUpxVrCfstKuimKNHLkggTgKkoZAnEY6iv/fQ=="
		}
	}
}
